{
  "name": "emmet-cli",
  "version": "1.3.0",
  "lockfileVersion": 3,
  "requires": true,
  "packages": {
    "": {
      "name": "emmet-cli",
      "version": "1.2.1",
      "license": "ISC",
      "dependencies": {
        "@emmetio/expand-abbreviation": "^0.7.3",
        "@emmetio/snippets": "^0.2.12",
        "minimist": "^1.2.5"
      },
      "bin": {
        "emmet": "index.js"
      }
    },
    "node_modules/@emmetio/abbreviation": {
      "version": "0.7.0",
      "resolved": "https://registry.npmjs.org/@emmetio/abbreviation/-/abbreviation-0.7.0.tgz",
      "integrity": "sha512-CjLWtUCyh2nRgG/TkBruPTNI03i+b2Bau9UP7g0zgWdeV6bBjNC8CxX106ZdMekK3I/RmTrWuzVV9b+7nwqKXA==",
      "dependencies": {
        "@emmetio/node": "^0.1.2",
        "@emmetio/stream-reader": "^2.2.0",
        "@emmetio/stream-reader-utils": "^0.1.0"
      }
    },
    "node_modules/@emmetio/css-abbreviation": {
      "version": "0.4.0",
      "resolved": "https://registry.npmjs.org/@emmetio/css-abbreviation/-/css-abbreviation-0.4.0.tgz",
      "integrity": "sha512-8b4+ZoBElpNMedO+gGCiEX/xGv8Do0NYUvsdVNv6O0fuP9octnxyzjb7HFGqDJ7hFzVORAfzOhpjyL8y2dw9AQ==",
      "dependencies": {
        "@emmetio/node": "^0.1.2",
        "@emmetio/stream-reader": "^2.2.0",
        "@emmetio/stream-reader-utils": "^0.1.0"
      }
    },
    "node_modules/@emmetio/css-snippets-resolver": {
      "version": "0.4.0",
      "resolved": "https://registry.npmjs.org/@emmetio/css-snippets-resolver/-/css-snippets-resolver-0.4.0.tgz",
      "integrity": "sha512-H0eOed2KljA/nQ64j3BKwAkAFliku5LAD58o4pvS3A9tZ2g3ctEpJ+61po78SZE1+Q+gRA3CGtC6rxtk7QlGPA=="
    },
    "node_modules/@emmetio/expand-abbreviation": {
      "version": "0.7.3",
      "resolved": "https://registry.npmjs.org/@emmetio/expand-abbreviation/-/expand-abbreviation-0.7.3.tgz",
      "integrity": "sha512-qlgYLsvzwkT17YmIGWUxyz4HeiGhxpKYmKe6067frHgUiSRWbIUY8es9B6J9ygveOye+VbeiULy7ae+7YF2xpQ==",
      "dependencies": {
        "@emmetio/abbreviation": "^0.7.0",
        "@emmetio/css-abbreviation": "^0.4.0",
        "@emmetio/css-snippets-resolver": "^0.4.0",
        "@emmetio/html-snippets-resolver": "^0.1.4",
        "@emmetio/html-transform": "^0.3.9",
        "@emmetio/lorem": "^1.0.1",
        "@emmetio/markup-formatters": "^0.4.1",
        "@emmetio/output-profile": "^0.1.6",
        "@emmetio/snippets": "^0.2.9",
        "@emmetio/snippets-registry": "^0.3.1",
        "@emmetio/stylesheet-formatters": "^0.2.1",
        "@emmetio/variable-resolver": "^0.2.1"
      }
    },
    "node_modules/@emmetio/field-parser": {
      "version": "0.3.1",
      "resolved": "https://registry.npmjs.org/@emmetio/field-parser/-/field-parser-0.3.1.tgz",
      "integrity": "sha512-A26JuVvZRUBb/rNpaDdmBB2jaN3spx2JRLJQfkskz9CRbiSW9ZE/M7etKKMunV5UWUfSlygFaFUclT3y+UNDxw==",
      "dependencies": {
        "@emmetio/stream-reader": "^2.2.0",
        "@emmetio/stream-reader-utils": "^0.1.0"
      }
    },
    "node_modules/@emmetio/html-snippets-resolver": {
      "version": "0.1.4",
      "resolved": "https://registry.npmjs.org/@emmetio/html-snippets-resolver/-/html-snippets-resolver-0.1.4.tgz",
      "integrity": "sha1-szrT+nj9eNZLlL+Iqftos62Ojn4=",
      "dependencies": {
        "@emmetio/abbreviation": "^0.6.0"
      }
    },
    "node_modules/@emmetio/html-snippets-resolver/node_modules/@emmetio/abbreviation": {
      "version": "0.6.6",
      "resolved": "https://registry.npmjs.org/@emmetio/abbreviation/-/abbreviation-0.6.6.tgz",
      "integrity": "sha512-jsh1Hyc7iY+5tADcn6GlIF/kxEbglPW+JE/FcCb4NNYqDr2swXvEGWd+DN3porBA67VDfDZVAwThhvYTsHKrRw==",
      "dependencies": {
        "@emmetio/node": "^0.1.2",
        "@emmetio/stream-reader": "^2.2.0",
        "@emmetio/stream-reader-utils": "^0.1.0"
      }
    },
    "node_modules/@emmetio/html-transform": {
      "version": "0.3.10",
      "resolved": "https://registry.npmjs.org/@emmetio/html-transform/-/html-transform-0.3.10.tgz",
      "integrity": "sha512-GxKcFDCkHQAre4lBRr4hbyYfRhAtTqDrcnwDi2n97CX6bKhdfL9p7fZIobtNtjX+ZdCVs36x4vizpiChEYOArg==",
      "dependencies": {
        "@emmetio/implicit-tag": "^1.0.0"
      }
    },
    "node_modules/@emmetio/implicit-tag": {
      "version": "1.0.0",
      "resolved": "https://registry.npmjs.org/@emmetio/implicit-tag/-/implicit-tag-1.0.0.tgz",
      "integrity": "sha1-+CbU4fxR2jlDTCMmtvbQ4rLntBk="
    },
    "node_modules/@emmetio/lorem": {
      "version": "1.0.2",
      "resolved": "https://registry.npmjs.org/@emmetio/lorem/-/lorem-1.0.2.tgz",
      "integrity": "sha1-jealcY85Fy6n0iUypbDTu9EAg9w=",
      "dependencies": {
        "@emmetio/implicit-tag": "^1.0.0"
      }
    },
    "node_modules/@emmetio/markup-formatters": {
      "version": "0.4.1",
      "resolved": "https://registry.npmjs.org/@emmetio/markup-formatters/-/markup-formatters-0.4.1.tgz",
      "integrity": "sha512-RR+QPozAAL7pnFL5Nl3g5qXxUF2qw54oGl0njmBTZYYwf96LDJ2p6DfRhy8uCenRjMMgUijjQ31wtmDR4cobDA==",
      "dependencies": {
        "@emmetio/field-parser": "^0.3.0",
        "@emmetio/output-renderer": "^0.1.2"
      }
    },
    "node_modules/@emmetio/node": {
      "version": "0.1.2",
      "resolved": "https://registry.npmjs.org/@emmetio/node/-/node-0.1.2.tgz",
      "integrity": "sha1-QjHVOMRUgaUYNfwquj9dn8EpY0w="
    },
    "node_modules/@emmetio/output-profile": {
      "version": "0.1.6",
      "resolved": "https://registry.npmjs.org/@emmetio/output-profile/-/output-profile-0.1.6.tgz",
      "integrity": "sha512-7bIwR3YHmTEnyy76X4l9e5+wXE+lah2E1AIoeDyKFIfVujztXNqcv+BmPcV4LRl1+V6Qir8hIex+F2nz7PTPCg=="
    },
    "node_modules/@emmetio/output-renderer": {
      "version": "0.1.2",
      "resolved": "https://registry.npmjs.org/@emmetio/output-renderer/-/output-renderer-0.1.2.tgz",
      "integrity": "sha1-Ds4RrM6SmFB4aK7SGrUlPh6wgvg=",
      "dependencies": {
        "@emmetio/field-parser": "^0.3.0"
      }
    },
    "node_modules/@emmetio/snippets": {
      "version": "0.2.12",
      "resolved": "https://registry.npmjs.org/@emmetio/snippets/-/snippets-0.2.12.tgz",
      "integrity": "sha512-xgjkyLZ4Ez8kN2qGNY59MadoIlStIohn80/FUSk+/DyNp/0SVpAe+/uQ5qJ4Mo4DDzfnkEkfCBMO/yq4SKoB0w=="
    },
    "node_modules/@emmetio/snippets-registry": {
      "version": "0.3.1",
      "resolved": "https://registry.npmjs.org/@emmetio/snippets-registry/-/snippets-registry-0.3.1.tgz",
      "integrity": "sha1-7A6KEi/paDZZzmmiI5b0E2uUDSA="
    },
    "node_modules/@emmetio/stream-reader": {
      "version": "2.2.0",
      "resolved": "https://registry.npmjs.org/@emmetio/stream-reader/-/stream-reader-2.2.0.tgz",
      "integrity": "sha1-Rs/+oRmgoAMxKiHC2bVijLX81EI="
    },
    "node_modules/@emmetio/stream-reader-utils": {
      "version": "0.1.0",
      "resolved": "https://registry.npmjs.org/@emmetio/stream-reader-utils/-/stream-reader-utils-0.1.0.tgz",
      "integrity": "sha1-JEywLHfsLnT3ipvTGCGKvJxQCmE="
    },
    "node_modules/@emmetio/stylesheet-formatters": {
      "version": "0.2.1",
      "resolved": "https://registry.npmjs.org/@emmetio/stylesheet-formatters/-/stylesheet-formatters-0.2.1.tgz",
      "integrity": "sha512-1XHNVx6S3ra7dnv12CNT6Gq15VyT2Fkrhgp2yCj4g2jJJflVHU6t++VfjoK6w36hGYu0AqZL9TCa/8hLj2YjQw==",
      "dependencies": {
        "@emmetio/field-parser": "^0.3.0",
        "@emmetio/output-renderer": "^0.1.1"
      }
    },
    "node_modules/@emmetio/variable-resolver": {
      "version": "0.2.1",
      "resolved": "https://registry.npmjs.org/@emmetio/variable-resolver/-/variable-resolver-0.2.1.tgz",
      "integrity": "sha1-zhG1FYRmmjQJhmkM8OwmnkTGP7o="
    },
    "node_modules/minimist": {
      "version": "1.2.6",
      "resolved": "https://registry.npmjs.org/minimist/-/minimist-1.2.6.tgz",
      "integrity": "sha512-Jsjnk4bw3YJqYzbdyBiNsPWHPfO++UGG749Cxs6peCu5Xg4nrena6OVxOYxrQTqww0Jmwt+Ref8rggumkTLz9Q=="
    }
  }
}
