# THIS IS AN AUTOGENERATED FILE. DO NOT EDIT THIS FILE DIRECTLY.
# yarn lockfile v1


"@emmetio/abbreviation@^0.6.0":
  version "0.6.5"
  resolved "https://registry.yarnpkg.com/@emmetio/abbreviation/-/abbreviation-0.6.5.tgz#07fdf1d48a74c2cc660eef4b25ff72316f377dd7"
  dependencies:
    "@emmetio/node" "^0.1.2"
    "@emmetio/stream-reader" "^2.2.0"
    "@emmetio/stream-reader-utils" "^0.1.0"

"@emmetio/abbreviation@^0.7.0":
  version "0.7.0"
  resolved "https://registry.yarnpkg.com/@emmetio/abbreviation/-/abbreviation-0.7.0.tgz#f65b2024699378bfa042607027a236b240ddc009"
  dependencies:
    "@emmetio/node" "^0.1.2"
    "@emmetio/stream-reader" "^2.2.0"
    "@emmetio/stream-reader-utils" "^0.1.0"

"@emmetio/css-abbreviation@^0.4.0":
  version "0.4.0"
  resolved "https://registry.yarnpkg.com/@emmetio/css-abbreviation/-/css-abbreviation-0.4.0.tgz#5da9b313f3625e3d7539065c5ebeca83891e4dac"
  dependencies:
    "@emmetio/node" "^0.1.2"
    "@emmetio/stream-reader" "^2.2.0"
    "@emmetio/stream-reader-utils" "^0.1.0"

"@emmetio/css-snippets-resolver@^0.4.0":
  version "0.4.0"
  resolved "https://registry.yarnpkg.com/@emmetio/css-snippets-resolver/-/css-snippets-resolver-0.4.0.tgz#6477ead6d25d838e685fa5c84c25aafa576479dc"

"@emmetio/expand-abbreviation@^0.7.3":
  version "0.7.3"
  resolved "https://registry.yarnpkg.com/@emmetio/expand-abbreviation/-/expand-abbreviation-0.7.3.tgz#0cba9b018de4e7969cf28928f376a2ad5dd3e061"
  dependencies:
    "@emmetio/abbreviation" "^0.7.0"
    "@emmetio/css-abbreviation" "^0.4.0"
    "@emmetio/css-snippets-resolver" "^0.4.0"
    "@emmetio/html-snippets-resolver" "^0.1.4"
    "@emmetio/html-transform" "^0.3.9"
    "@emmetio/lorem" "^1.0.1"
    "@emmetio/markup-formatters" "^0.4.1"
    "@emmetio/output-profile" "^0.1.6"
    "@emmetio/snippets" "^0.2.9"
    "@emmetio/snippets-registry" "^0.3.1"
    "@emmetio/stylesheet-formatters" "^0.2.1"
    "@emmetio/variable-resolver" "^0.2.1"

"@emmetio/field-parser@^0.3.0":
  version "0.3.0"
  resolved "https://registry.yarnpkg.com/@emmetio/field-parser/-/field-parser-0.3.0.tgz#7a7cf51c399aea7bae455e0fcf3eb328f8c0c215"
  dependencies:
    "@emmetio/stream-reader" "^2.0.0"
    "@emmetio/stream-reader-utils" "^0.1.0"

"@emmetio/html-snippets-resolver@^0.1.4":
  version "0.1.4"
  resolved "https://registry.yarnpkg.com/@emmetio/html-snippets-resolver/-/html-snippets-resolver-0.1.4.tgz#b33ad3fa78fd78d64b94bf88a9fb68b3ad8e8e7e"
  dependencies:
    "@emmetio/abbreviation" "^0.6.0"

"@emmetio/html-transform@^0.3.9":
  version "0.3.9"
  resolved "https://registry.yarnpkg.com/@emmetio/html-transform/-/html-transform-0.3.9.tgz#6fd5add64f57b54ae56301f73ac4e7f0c5935975"
  dependencies:
    "@emmetio/implicit-tag" "^1.0.0"

"@emmetio/implicit-tag@^1.0.0":
  version "1.0.0"
  resolved "https://registry.yarnpkg.com/@emmetio/implicit-tag/-/implicit-tag-1.0.0.tgz#f826d4e1fc51da39434c2326b6f6d0e2b2e7b419"

"@emmetio/lorem@^1.0.1":
  version "1.0.2"
  resolved "https://registry.yarnpkg.com/@emmetio/lorem/-/lorem-1.0.2.tgz#8de6a5718f39172ea7d22532a5b0d3bbd10083dc"
  dependencies:
    "@emmetio/implicit-tag" "^1.0.0"

"@emmetio/markup-formatters@^0.4.1":
  version "0.4.1"
  resolved "https://registry.yarnpkg.com/@emmetio/markup-formatters/-/markup-formatters-0.4.1.tgz#49ac7e5ba5b75ff0ca4f75fc97b12b63ac7129cb"
  dependencies:
    "@emmetio/field-parser" "^0.3.0"
    "@emmetio/output-renderer" "^0.1.2"

"@emmetio/node@^0.1.2":
  version "0.1.2"
  resolved "https://registry.yarnpkg.com/@emmetio/node/-/node-0.1.2.tgz#4231d538c45481a51835fc2aba3f5d9fc129634c"

"@emmetio/output-profile@^0.1.6":
  version "0.1.6"
  resolved "https://registry.yarnpkg.com/@emmetio/output-profile/-/output-profile-0.1.6.tgz#15de23135f4b57225d192cd6efd73d8ffc9dd380"

"@emmetio/output-renderer@^0.1.1", "@emmetio/output-renderer@^0.1.2":
  version "0.1.2"
  resolved "https://registry.yarnpkg.com/@emmetio/output-renderer/-/output-renderer-0.1.2.tgz#0ece11acce9298507868aed21ab5253e1eb082f8"
  dependencies:
    "@emmetio/field-parser" "^0.3.0"

"@emmetio/snippets-registry@^0.3.1":
  version "0.3.1"
  resolved "https://registry.yarnpkg.com/@emmetio/snippets-registry/-/snippets-registry-0.3.1.tgz#ec0e8a122fe9683659ce69a22396f4136b940d20"

"@emmetio/snippets@^0.2.12":
  version "0.2.12"
  resolved "https://registry.yarnpkg.com/@emmetio/snippets/-/snippets-0.2.12.tgz#607a98c9d628f570a0f35961622f6b1f4d381b72"

"@emmetio/snippets@^0.2.9":
  version "0.2.9"
  resolved "https://registry.yarnpkg.com/@emmetio/snippets/-/snippets-0.2.9.tgz#0cea8b742ef3ae7fd5db68bed782f3946a6ea761"

"@emmetio/stream-reader-utils@^0.1.0":
  version "0.1.0"
  resolved "https://registry.yarnpkg.com/@emmetio/stream-reader-utils/-/stream-reader-utils-0.1.0.tgz#244cb02c77ec2e74f78a9bd318218abc9c500a61"

"@emmetio/stream-reader@^2.0.0", "@emmetio/stream-reader@^2.2.0":
  version "2.2.0"
  resolved "https://registry.yarnpkg.com/@emmetio/stream-reader/-/stream-reader-2.2.0.tgz#46cffea119a0a003312a21c2d9b5628cb5fcd442"

"@emmetio/stylesheet-formatters@^0.2.1":
  version "0.2.1"
  resolved "https://registry.yarnpkg.com/@emmetio/stylesheet-formatters/-/stylesheet-formatters-0.2.1.tgz#d27be6664a6e18b395eca07f6157aa65800b267f"
  dependencies:
    "@emmetio/field-parser" "^0.3.0"
    "@emmetio/output-renderer" "^0.1.1"

"@emmetio/variable-resolver@^0.2.1":
  version "0.2.1"
  resolved "https://registry.yarnpkg.com/@emmetio/variable-resolver/-/variable-resolver-0.2.1.tgz#ce11b51584669a340986690cf0ec269e44c63fba"

minimist@^1.2.5:
  version "1.2.6"
  resolved "https://registry.yarnpkg.com/minimist/-/minimist-1.2.6.tgz#8637a5b759ea0d6e98702cfb3a9283323c93af44"
